// !$*UTF8*$!
{
	archiveVersion = 1;
	classes = {
	};
	objectVersion = 56;
	objects = {

/* Begin PBXBuildFile section */
		5CF34DF12B1EEAC6005454C4 /* AppDelegate.swift in Sources */ = {isa = PBXBuildFile; fileRef = 5CF34DF02B1EEAC6005454C4 /* AppDelegate.swift */; };
		5CF34DF32B1EEAC6005454C4 /* SceneDelegate.swift in Sources */ = {isa = PBXBuildFile; fileRef = 5CF34DF22B1EEAC6005454C4 /* SceneDelegate.swift */; };
		5CF34DF52B1EEAC6005454C4 /* ViewController.swift in Sources */ = {isa = PBXBuildFile; fileRef = 5CF34DF42B1EEAC6005454C4 /* ViewController.swift */; };
		5CF34DF82B1EEAC6005454C4 /* Main.storyboard in Resources */ = {isa = PBXBuildFile; fileRef = 5CF34DF62B1EEAC6005454C4 /* Main.storyboard */; };
		5CF34DFA2B1EEAC7005454C4 /* Assets.xcassets in Resources */ = {isa = PBXBuildFile; fileRef = 5CF34DF92B1EEAC7005454C4 /* Assets.xcassets */; };
		5CF34DFD2B1EEAC7005454C4 /* LaunchScreen.storyboard in Resources */ = {isa = PBXBuildFile; fileRef = 5CF34DFB2B1EEAC7005454C4 /* LaunchScreen.storyboard */; };
		5CF34E082B1EEAC7005454C4 /* SwiftOneTests.swift in Sources */ = {isa = PBXBuildFile; fileRef = 5CF34E072B1EEAC7005454C4 /* SwiftOneTests.swift */; };
		5CF34E122B1EEAC7005454C4 /* SwiftOneUITests.swift in Sources */ = {isa = PBXBuildFile; fileRef = 5CF34E112B1EEAC7005454C4 /* SwiftOneUITests.swift */; };
		5CF34E142B1EEAC7005454C4 /* SwiftOneUITestsLaunchTests.swift in Sources */ = {isa = PBXBuildFile; fileRef = 5CF34E132B1EEAC7005454C4 /* SwiftOneUITestsLaunchTests.swift */; };
/* End PBXBuildFile section */

/* Begin PBXContainerItemProxy section */
		5CF34E042B1EEAC7005454C4 /* PBXContainerItemProxy */ = {
			isa = PBXContainerItemProxy;
			containerPortal = 5CF34DE52B1EEAC6005454C4 /* Project object */;
			proxyType = 1;
			remoteGlobalIDString = 5CF34DEC2B1EEAC6005454C4;
			remoteInfo = SwiftOne;
		};
		5CF34E0E2B1EEAC7005454C4 /* PBXContainerItemProxy */ = {
			isa = PBXContainerItemProxy;
			containerPortal = 5CF34DE52B1EEAC6005454C4 /* Project object */;
			proxyType = 1;
			remoteGlobalIDString = 5CF34DEC2B1EEAC6005454C4;
			remoteInfo = SwiftOne;
		};
/* End PBXContainerItemProxy section */

/* Begin PBXFileReference section */
		5CF34DED2B1EEAC6005454C4 /* SwiftOne.app */ = {isa = PBXFileReference; explicitFileType = wrapper.application; includeInIndex = 0; path = SwiftOne.app; sourceTree = BUILT_PRODUCTS_DIR; };
		5CF34DF02B1EEAC6005454C4 /* AppDelegate.swift */ = {isa = PBXFileReference; lastKnownFileType = sourcecode.swift; path = AppDelegate.swift; sourceTree = "<group>"; };
		5CF34DF22B1EEAC6005454C4 /* SceneDelegate.swift */ = {isa = PBXFileReference; lastKnownFileType = sourcecode.swift; path = SceneDelegate.swift; sourceTree = "<group>"; };
		5CF34DF42B1EEAC6005454C4 /* ViewController.swift */ = {isa = PBXFileReference; lastKnownFileType = sourcecode.swift; path = ViewController.swift; sourceTree = "<group>"; };
		5CF34DF72B1EEAC6005454C4 /* Base */ = {isa = PBXFileReference; lastKnownFileType = file.storyboard; name = Base; path = Base.lproj/Main.storyboard; sourceTree = "<group>"; };
		5CF34DF92B1EEAC7005454C4 /* Assets.xcassets */ = {isa = PBXFileReference; lastKnownFileType = folder.assetcatalog; path = Assets.xcassets; sourceTree = "<group>"; };
		5CF34DFC2B1EEAC7005454C4 /* Base */ = {isa = PBXFileReference; lastKnownFileType = file.storyboard; name = Base; path = Base.lproj/LaunchScreen.storyboard; sourceTree = "<group>"; };
		5CF34DFE2B1EEAC7005454C4 /* Info.plist */ = {isa = PBXFileReference; lastKnownFileType = text.plist.xml; path = Info.plist; sourceTree = "<group>"; };
		5CF34E032B1EEAC7005454C4 /* SwiftOneTests.xctest */ = {isa = PBXFileReference; explicitFileType = wrapper.cfbundle; includeInIndex = 0; path = SwiftOneTests.xctest; sourceTree = BUILT_PRODUCTS_DIR; };
		5CF34E072B1EEAC7005454C4 /* SwiftOneTests.swift */ = {isa = PBXFileReference; lastKnownFileType = sourcecode.swift; path = SwiftOneTests.swift; sourceTree = "<group>"; };
		5CF34E0D2B1EEAC7005454C4 /* SwiftOneUITests.xctest */ = {isa = PBXFileReference; explicitFileType = wrapper.cfbundle; includeInIndex = 0; path = SwiftOneUITests.xctest; sourceTree = BUILT_PRODUCTS_DIR; };
		5CF34E112B1EEAC7005454C4 /* SwiftOneUITests.swift */ = {isa = PBXFileReference; lastKnownFileType = sourcecode.swift; path = SwiftOneUITests.swift; sourceTree = "<group>"; };
		5CF34E132B1EEAC7005454C4 /* SwiftOneUITestsLaunchTests.swift */ = {isa = PBXFileReference; lastKnownFileType = sourcecode.swift; path = SwiftOneUITestsLaunchTests.swift; sourceTree = "<group>"; };
/* End PBXFileReference section */

/* Begin PBXFrameworksBuildPhase section */
		5CF34DEA2B1EEAC6005454C4 /* Frameworks */ = {
			isa = PBXFrameworksBuildPhase;
			buildActionMask = 2147483647;
			files = (
			);
			runOnlyForDeploymentPostprocessing = 0;
		};
		5CF34E002B1EEAC7005454C4 /* Frameworks */ = {
			isa = PBXFrameworksBuildPhase;
			buildActionMask = 2147483647;
			files = (
			);
			runOnlyForDeploymentPostprocessing = 0;
		};
		5CF34E0A2B1EEAC7005454C4 /* Frameworks */ = {
			isa = PBXFrameworksBuildPhase;
			buildActionMask = 2147483647;
			files = (
			);
			runOnlyForDeploymentPostprocessing = 0;
		};
/* End PBXFrameworksBuildPhase section */

/* Begin PBXGroup section */
		5CF34DE42B1EEAC6005454C4 = {
			isa = PBXGroup;
			children = (
				5CF34DEF2B1EEAC6005454C4 /* SwiftOne */,
				5CF34E062B1EEAC7005454C4 /* SwiftOneTests */,
				5CF34E102B1EEAC7005454C4 /* SwiftOneUITests */,
				5CF34DEE2B1EEAC6005454C4 /* Products */,
			);
			sourceTree = "<group>";
		};
		5CF34DEE2B1EEAC6005454C4 /* Products */ = {
			isa = PBXGroup;
			children = (
				5CF34DED2B1EEAC6005454C4 /* SwiftOne.app */,
				5CF34E032B1EEAC7005454C4 /* SwiftOneTests.xctest */,
				5CF34E0D2B1EEAC7005454C4 /* SwiftOneUITests.xctest */,
			);
			name = Products;
			sourceTree = "<group>";
		};
		5CF34DEF2B1EEAC6005454C4 /* SwiftOne */ = {
			isa = PBXGroup;
			children = (
				5CF34DF02B1EEAC6005454C4 /* AppDelegate.swift */,
				5CF34DF22B1EEAC6005454C4 /* SceneDelegate.swift */,
				5CF34DF42B1EEAC6005454C4 /* ViewController.swift */,
				5CF34DF62B1EEAC6005454C4 /* Main.storyboard */,
				5CF34DF92B1EEAC7005454C4 /* Assets.xcassets */,
				5CF34DFB2B1EEAC7005454C4 /* LaunchScreen.storyboard */,
				5CF34DFE2B1EEAC7005454C4 /* Info.plist */,
			);
			path = SwiftOne;
			sourceTree = "<group>";
		};
		5CF34E062B1EEAC7005454C4 /* SwiftOneTests */ = {
			isa = PBXGroup;
			children = (
				5CF34E072B1EEAC7005454C4 /* SwiftOneTests.swift */,
			);
			path = SwiftOneTests;
			sourceTree = "<group>";
		};
		5CF34E102B1EEAC7005454C4 /* SwiftOneUITests */ = {
			isa = PBXGroup;
			children = (
				5CF34E112B1EEAC7005454C4 /* SwiftOneUITests.swift */,
				5CF34E132B1EEAC7005454C4 /* SwiftOneUITestsLaunchTests.swift */,
			);
			path = SwiftOneUITests;
			sourceTree = "<group>";
		};
/* End PBXGroup section */

/* Begin PBXNativeTarget section */
		5CF34DEC2B1EEAC6005454C4 /* SwiftOne */ = {
			isa = PBXNativeTarget;
			buildConfigurationList = 5CF34E172B1EEAC7005454C4 /* Build configuration list for PBXNativeTarget "SwiftOne" */;
			buildPhases = (
				5CF34DE92B1EEAC6005454C4 /* Sources */,
				5CF34DEA2B1EEAC6005454C4 /* Frameworks */,
				5CF34DEB2B1EEAC6005454C4 /* Resources */,
			);
			buildRules = (
			);
			dependencies = (
			);
			name = SwiftOne;
			productName = SwiftOne;
			productReference = 5CF34DED2B1EEAC6005454C4 /* SwiftOne.app */;
			productType = "com.apple.product-type.application";
		};
		5CF34E022B1EEAC7005454C4 /* SwiftOneTests */ = {
			isa = PBXNativeTarget;
			buildConfigurationList = 5CF34E1A2B1EEAC7005454C4 /* Build configuration list for PBXNativeTarget "SwiftOneTests" */;
			buildPhases = (
				5CF34DFF2B1EEAC7005454C4 /* Sources */,
				5CF34E002B1EEAC7005454C4 /* Frameworks */,
				5CF34E012B1EEAC7005454C4 /* Resources */,
			);
			buildRules = (
			);
			dependencies = (
				5CF34E052B1EEAC7005454C4 /* PBXTargetDependency */,
			);
			name = SwiftOneTests;
			productName = SwiftOneTests;
			productReference = 5CF34E032B1EEAC7005454C4 /* SwiftOneTests.xctest */;
			productType = "com.apple.product-type.bundle.unit-test";
		};
		5CF34E0C2B1EEAC7005454C4 /* SwiftOneUITests */ = {
			isa = PBXNativeTarget;
			buildConfigurationList = 5CF34E1D2B1EEAC7005454C4 /* Build configuration list for PBXNativeTarget "SwiftOneUITests" */;
			buildPhases = (
				5CF34E092B1EEAC7005454C4 /* Sources */,
				5CF34E0A2B1EEAC7005454C4 /* Frameworks */,
				5CF34E0B2B1EEAC7005454C4 /* Resources */,
			);
			buildRules = (
			);
			dependencies = (
				5CF34E0F2B1EEAC7005454C4 /* PBXTargetDependency */,
			);
			name = SwiftOneUITests;
			productName = SwiftOneUITests;
			productReference = 5CF34E0D2B1EEAC7005454C4 /* SwiftOneUITests.xctest */;
			productType = "com.apple.product-type.bundle.ui-testing";
		};
/* End PBXNativeTarget section */

/* Begin PBXProject section */
		5CF34DE52B1EEAC6005454C4 /* Project object */ = {
			isa = PBXProject;
			attributes = {
				BuildIndependentTargetsInParallel = 1;
				LastSwiftUpdateCheck = 1500;
				LastUpgradeCheck = 1500;
				TargetAttributes = {
					5CF34DEC2B1EEAC6005454C4 = {
						CreatedOnToolsVersion = 15.0.1;
					};
					5CF34E022B1EEAC7005454C4 = {
						CreatedOnToolsVersion = 15.0.1;
						TestTargetID = 5CF34DEC2B1EEAC6005454C4;
					};
					5CF34E0C2B1EEAC7005454C4 = {
						CreatedOnToolsVersion = 15.0.1;
						TestTargetID = 5CF34DEC2B1EEAC6005454C4;
					};
				};
			};
			buildConfigurationList = 5CF34DE82B1EEAC6005454C4 /* Build configuration list for PBXProject "SwiftOne" */;
			compatibilityVersion = "Xcode 14.0";
			developmentRegion = en;
			hasScannedForEncodings = 0;
			knownRegions = (
				en,
				Base,
			);
			mainGroup = 5CF34DE42B1EEAC6005454C4;
			productRefGroup = 5CF34DEE2B1EEAC6005454C4 /* Products */;
			projectDirPath = "";
			projectRoot = "";
			targets = (
				5CF34DEC2B1EEAC6005454C4 /* SwiftOne */,
				5CF34E022B1EEAC7005454C4 /* SwiftOneTests */,
				5CF34E0C2B1EEAC7005454C4 /* SwiftOneUITests */,
			);
		};
/* End PBXProject section */

/* Begin PBXResourcesBuildPhase section */
		5CF34DEB2B1EEAC6005454C4 /* Resources */ = {
			isa = PBXResourcesBuildPhase;
			buildActionMask = 2147483647;
			files = (
				5CF34DFD2B1EEAC7005454C4 /* LaunchScreen.storyboard in Resources */,
				5CF34DFA2B1EEAC7005454C4 /* Assets.xcassets in Resources */,
				5CF34DF82B1EEAC6005454C4 /* Main.storyboard in Resources */,
			);
			runOnlyForDeploymentPostprocessing = 0;
		};
		5CF34E012B1EEAC7005454C4 /* Resources */ = {
			isa = PBXResourcesBuildPhase;
			buildActionMask = 2147483647;
			files = (
			);
			runOnlyForDeploymentPostprocessing = 0;
		};
		5CF34E0B2B1EEAC7005454C4 /* Resources */ = {
			isa = PBXResourcesBuildPhase;
			buildActionMask = 2147483647;
			files = (
			);
			runOnlyForDeploymentPostprocessing = 0;
		};
/* End PBXResourcesBuildPhase section */

/* Begin PBXSourcesBuildPhase section */
		5CF34DE92B1EEAC6005454C4 /* Sources */ = {
			isa = PBXSourcesBuildPhase;
			buildActionMask = 2147483647;
			files = (
				5CF34DF52B1EEAC6005454C4 /* ViewController.swift in Sources */,
				5CF34DF12B1EEAC6005454C4 /* AppDelegate.swift in Sources */,
				5CF34DF32B1EEAC6005454C4 /* SceneDelegate.swift in Sources */,
			);
			runOnlyForDeploymentPostprocessing = 0;
		};
		5CF34DFF2B1EEAC7005454C4 /* Sources */ = {
			isa = PBXSourcesBuildPhase;
			buildActionMask = 2147483647;
			files = (
				5CF34E082B1EEAC7005454C4 /* SwiftOneTests.swift in Sources */,
			);
			runOnlyForDeploymentPostprocessing = 0;
		};
		5CF34E092B1EEAC7005454C4 /* Sources */ = {
			isa = PBXSourcesBuildPhase;
			buildActionMask = 2147483647;
			files = (
				5CF34E142B1EEAC7005454C4 /* SwiftOneUITestsLaunchTests.swift in Sources */,
				5CF34E122B1EEAC7005454C4 /* SwiftOneUITests.swift in Sources */,
			);
			runOnlyForDeploymentPostprocessing = 0;
		};
/* End PBXSourcesBuildPhase section */

/* Begin PBXTargetDependency section */
		5CF34E052B1EEAC7005454C4 /* PBXTargetDependency */ = {
			isa = PBXTargetDependency;
			target = 5CF34DEC2B1EEAC6005454C4 /* SwiftOne */;
			targetProxy = 5CF34E042B1EEAC7005454C4 /* PBXContainerItemProxy */;
		};
		5CF34E0F2B1EEAC7005454C4 /* PBXTargetDependency */ = {
			isa = PBXTargetDependency;
			target = 5CF34DEC2B1EEAC6005454C4 /* SwiftOne */;
			targetProxy = 5CF34E0E2B1EEAC7005454C4 /* PBXContainerItemProxy */;
		};
/* End PBXTargetDependency section */

/* Begin PBXVariantGroup section */
		5CF34DF62B1EEAC6005454C4 /* Main.storyboard */ = {
			isa = PBXVariantGroup;
			children = (
				5CF34DF72B1EEAC6005454C4 /* Base */,
			);
			name = Main.storyboard;
			sourceTree = "<group>";
		};
		5CF34DFB2B1EEAC7005454C4 /* LaunchScreen.storyboard */ = {
			isa = PBXVariantGroup;
			children = (
				5CF34DFC2B1EEAC7005454C4 /* Base */,
			);
			name = LaunchScreen.storyboard;
			sourceTree = "<group>";
		};
/* End PBXVariantGroup section */

/* Begin XCBuildConfiguration section */
		5CF34E152B1EEAC7005454C4 /* Debug */ = {
			isa = XCBuildConfiguration;
			buildSettings = {
				ALWAYS_SEARCH_USER_PATHS = NO;
				ASSETCATALOG_COMPILER_GENERATE_SWIFT_ASSET_SYMBOL_EXTENSIONS = YES;
				CLANG_ANALYZER_NONNULL = YES;
				CLANG_ANALYZER_NUMBER_OBJECT_CONVERSION = YES_AGGRESSIVE;
				CLANG_CXX_LANGUAGE_STANDARD = "gnu++20";
				CLANG_ENABLE_MODULES = YES;
				CLANG_ENABLE_OBJC_ARC = YES;
				CLANG_ENABLE_OBJC_WEAK = YES;
				CLANG_WARN_BLOCK_CAPTURE_AUTORELEASING = YES;
				CLANG_WARN_BOOL_CONVERSION = YES;
				CLANG_WARN_COMMA = YES;
				CLANG_WARN_CONSTANT_CONVERSION = YES;
				CLANG_WARN_DEPRECATED_OBJC_IMPLEMENTATIONS = YES;
				CLANG_WARN_DIRECT_OBJC_ISA_USAGE = YES_ERROR;
				CLANG_WARN_DOCUMENTATION_COMMENTS = YES;
				CLANG_WARN_EMPTY_BODY = YES;
				CLANG_WARN_ENUM_CONVERSION = YES;
				CLANG_WARN_INFINITE_RECURSION = YES;
				CLANG_WARN_INT_CONVERSION = YES;
				CLANG_WARN_NON_LITERAL_NULL_CONVERSION = YES;
				CLANG_WARN_OBJC_IMPLICIT_RETAIN_SELF = YES;
				CLANG_WARN_OBJC_LITERAL_CONVERSION = YES;
				CLANG_WARN_OBJC_ROOT_CLASS = YES_ERROR;
				CLANG_WARN_QUOTED_INCLUDE_IN_FRAMEWORK_HEADER = YES;
				CLANG_WARN_RANGE_LOOP_ANALYSIS = YES;
				CLANG_WARN_STRICT_PROTOTYPES = YES;
				CLANG_WARN_SUSPICIOUS_MOVE = YES;
				CLANG_WARN_UNGUARDED_AVAILABILITY = YES_AGGRESSIVE;
				CLANG_WARN_UNREACHABLE_CODE = YES;
				CLANG_WARN__DUPLICATE_METHOD_MATCH = YES;
				COPY_PHASE_STRIP = NO;
				DEBUG_INFORMATION_FORMAT = dwarf;
				ENABLE_STRICT_OBJC_MSGSEND = YES;
				ENABLE_TESTABILITY = YES;
				ENABLE_USER_SCRIPT_SANDBOXING = YES;
				GCC_C_LANGUAGE_STANDARD = gnu17;
				GCC_DYNAMIC_NO_PIC = NO;
				GCC_NO_COMMON_BLOCKS = YES;
				GCC_OPTIMIZATION_LEVEL = 0;
				GCC_PREPROCESSOR_DEFINITIONS = (
					"DEBUG=1",
					"$(inherited)",
				);
				GCC_WARN_64_TO_32_BIT_CONVERSION = YES;
				GCC_WARN_ABOUT_RETURN_TYPE = YES_ERROR;
				GCC_WARN_UNDECLARED_SELECTOR = YES;
				GCC_WARN_UNINITIALIZED_AUTOS = YES_AGGRESSIVE;
				GCC_WARN_UNUSED_FUNCTION = YES;
				GCC_WARN_UNUSED_VARIABLE = YES;
				IPHONEOS_DEPLOYMENT_TARGET = 17.0;
				LOCALIZATION_PREFERS_STRING_CATALOGS = YES;
				MTL_ENABLE_DEBUG_INFO = INCLUDE_SOURCE;
				MTL_FAST_MATH = YES;
				ONLY_ACTIVE_ARCH = YES;
				SDKROOT = iphoneos;
				SWIFT_ACTIVE_COMPILATION_CONDITIONS = "DEBUG $(inherited)";
				SWIFT_OPTIMIZATION_LEVEL = "-Onone";
			};
			name = Debug;
		};
		5CF34E162B1EEAC7005454C4 /* Release */ = {
			isa = XCBuildConfiguration;
			buildSettings = {
				ALWAYS_SEARCH_USER_PATHS = NO;
				ASSETCATALOG_COMPILER_GENERATE_SWIFT_ASSET_SYMBOL_EXTENSIONS = YES;
				CLANG_ANALYZER_NONNULL = YES;
				CLANG_ANALYZER_NUMBER_OBJECT_CONVERSION = YES_AGGRESSIVE;
				CLANG_CXX_LANGUAGE_STANDARD = "gnu++20";
				CLANG_ENABLE_MODULES = YES;
				CLANG_ENABLE_OBJC_ARC = YES;
				CLANG_ENABLE_OBJC_WEAK = YES;
				CLANG_WARN_BLOCK_CAPTURE_AUTORELEASING = YES;
				CLANG_WARN_BOOL_CONVERSION = YES;
				CLANG_WARN_COMMA = YES;
				CLANG_WARN_CONSTANT_CONVERSION = YES;
				CLANG_WARN_DEPRECATED_OBJC_IMPLEMENTATIONS = YES;
				CLANG_WARN_DIRECT_OBJC_ISA_USAGE = YES_ERROR;
				CLANG_WARN_DOCUMENTATION_COMMENTS = YES;
				CLANG_WARN_EMPTY_BODY = YES;
				CLANG_WARN_ENUM_CONVERSION = YES;
				CLANG_WARN_INFINITE_RECURSION = YES;
				CLANG_WARN_INT_CONVERSION = YES;
				CLANG_WARN_NON_LITERAL_NULL_CONVERSION = YES;
				CLANG_WARN_OBJC_IMPLICIT_RETAIN_SELF = YES;
				CLANG_WARN_OBJC_LITERAL_CONVERSION = YES;
				CLANG_WARN_OBJC_ROOT_CLASS = YES_ERROR;
				CLANG_WARN_QUOTED_INCLUDE_IN_FRAMEWORK_HEADER = YES;
				CLANG_WARN_RANGE_LOOP_ANALYSIS = YES;
				CLANG_WARN_STRICT_PROTOTYPES = YES;
				CLANG_WARN_SUSPICIOUS_MOVE = YES;
				CLANG_WARN_UNGUARDED_AVAILABILITY = YES_AGGRESSIVE;
				CLANG_WARN_UNREACHABLE_CODE = YES;
				CLANG_WARN__DUPLICATE_METHOD_MATCH = YES;
				COPY_PHASE_STRIP = NO;
				DEBUG_INFORMATION_FORMAT = "dwarf-with-dsym";
				ENABLE_NS_ASSERTIONS = NO;
				ENABLE_STRICT_OBJC_MSGSEND = YES;
				ENABLE_USER_SCRIPT_SANDBOXING = YES;
				GCC_C_LANGUAGE_STANDARD = gnu17;
				GCC_NO_COMMON_BLOCKS = YES;
				GCC_WARN_64_TO_32_BIT_CONVERSION = YES;
				GCC_WARN_ABOUT_RETURN_TYPE = YES_ERROR;
				GCC_WARN_UNDECLARED_SELECTOR = YES;
				GCC_WARN_UNINITIALIZED_AUTOS = YES_AGGRESSIVE;
				GCC_WARN_UNUSED_FUNCTION = YES;
				GCC_WARN_UNUSED_VARIABLE = YES;
				IPHONEOS_DEPLOYMENT_TARGET = 17.0;
				LOCALIZATION_PREFERS_STRING_CATALOGS = YES;
				MTL_ENABLE_DEBUG_INFO = NO;
				MTL_FAST_MATH = YES;
				SDKROOT = iphoneos;
				SWIFT_COMPILATION_MODE = wholemodule;
				VALIDATE_PRODUCT = YES;
			};
			name = Release;
		};
		5CF34E182B1EEAC7005454C4 /* Debug */ = {
			isa = XCBuildConfiguration;
			buildSettings = {
				ASSETCATALOG_COMPILER_APPICON_NAME = AppIcon;
				ASSETCATALOG_COMPILER_GLOBAL_ACCENT_COLOR_NAME = AccentColor;
				CODE_SIGN_STYLE = Automatic;
				CURRENT_PROJECT_VERSION = 1;
				GENERATE_INFOPLIST_FILE = YES;
				INFOPLIST_FILE = SwiftOne/Info.plist;
				INFOPLIST_KEY_UIApplicationSupportsIndirectInputEvents = YES;
				INFOPLIST_KEY_UILaunchStoryboardName = LaunchScreen;
				INFOPLIST_KEY_UIMainStoryboardFile = Main;
				INFOPLIST_KEY_UISupportedInterfaceOrientations_iPad = "UIInterfaceOrientationPortrait UIInterfaceOrientationPortraitUpsideDown UIInterfaceOrientationLandscapeLeft UIInterfaceOrientationLandscapeRight";
				INFOPLIST_KEY_UISupportedInterfaceOrientations_iPhone = "UIInterfaceOrientationPortrait UIInterfaceOrientationLandscapeLeft UIInterfaceOrientationLandscapeRight";
				LD_RUNPATH_SEARCH_PATHS = (
					"$(inherited)",
					"@executable_path/Frameworks",
				);
				MARKETING_VERSION = 1.0;
				PRODUCT_BUNDLE_IDENTIFIER = dev.newt9.SwiftOne;
				PRODUCT_NAME = "$(TARGET_NAME)";
				SWIFT_EMIT_LOC_STRINGS = YES;
				SWIFT_VERSION = 5.0;
				TARGETED_DEVICE_FAMILY = "1,2";
			};
			name = Debug;
		};
		5CF34E192B1EEAC7005454C4 /* Release */ = {
			isa = XCBuildConfiguration;
			buildSettings = {
				ASSETCATALOG_COMPILER_APPICON_NAME = AppIcon;
				ASSETCATALOG_COMPILER_GLOBAL_ACCENT_COLOR_NAME = AccentColor;
				CODE_SIGN_STYLE = Automatic;
				CURRENT_PROJECT_VERSION = 1;
				GENERATE_INFOPLIST_FILE = YES;
				INFOPLIST_FILE = SwiftOne/Info.plist;
				INFOPLIST_KEY_UIApplicationSupportsIndirectInputEvents = YES;
				INFOPLIST_KEY_UILaunchStoryboardName = LaunchScreen;
				INFOPLIST_KEY_UIMainStoryboardFile = Main;
				INFOPLIST_KEY_UISupportedInterfaceOrientations_iPad = "UIInterfaceOrientationPortrait UIInterfaceOrientationPortraitUpsideDown UIInterfaceOrientationLandscapeLeft UIInterfaceOrientationLandscapeRight";
				INFOPLIST_KEY_UISupportedInterfaceOrientations_iPhone = "UIInterfaceOrientationPortrait UIInterfaceOrientationLandscapeLeft UIInterfaceOrientationLandscapeRight";
				LD_RUNPATH_SEARCH_PATHS = (
					"$(inherited)",
					"@executable_path/Frameworks",
				);
				MARKETING_VERSION = 1.0;
				PRODUCT_BUNDLE_IDENTIFIER = dev.newt9.SwiftOne;
				PRODUCT_NAME = "$(TARGET_NAME)";
				SWIFT_EMIT_LOC_STRINGS = YES;
				SWIFT_VERSION = 5.0;
				TARGETED_DEVICE_FAMILY = "1,2";
			};
			name = Release;
		};
		5CF34E1B2B1EEAC7005454C4 /* Debug */ = {
			isa = XCBuildConfiguration;
			buildSettings = {
				ALWAYS_EMBED_SWIFT_STANDARD_LIBRARIES = YES;
				BUNDLE_LOADER = "$(TEST_HOST)";
				CODE_SIGN_STYLE = Automatic;
				CURRENT_PROJECT_VERSION = 1;
				GENERATE_INFOPLIST_FILE = YES;
				IPHONEOS_DEPLOYMENT_TARGET = 17.0;
				MARKETING_VERSION = 1.0;
				PRODUCT_BUNDLE_IDENTIFIER = dev.newt9.SwiftOneTests;
				PRODUCT_NAME = "$(TARGET_NAME)";
				SWIFT_EMIT_LOC_STRINGS = NO;
				SWIFT_VERSION = 5.0;
				TARGETED_DEVICE_FAMILY = "1,2";
				TEST_HOST = "$(BUILT_PRODUCTS_DIR)/SwiftOne.app/$(BUNDLE_EXECUTABLE_FOLDER_PATH)/SwiftOne";
			};
			name = Debug;
		};
		5CF34E1C2B1EEAC7005454C4 /* Release */ = {
			isa = XCBuildConfiguration;
			buildSettings = {
				ALWAYS_EMBED_SWIFT_STANDARD_LIBRARIES = YES;
				BUNDLE_LOADER = "$(TEST_HOST)";
				CODE_SIGN_STYLE = Automatic;
				CURRENT_PROJECT_VERSION = 1;
				GENERATE_INFOPLIST_FILE = YES;
				IPHONEOS_DEPLOYMENT_TARGET = 17.0;
				MARKETING_VERSION = 1.0;
				PRODUCT_BUNDLE_IDENTIFIER = dev.newt9.SwiftOneTests;
				PRODUCT_NAME = "$(TARGET_NAME)";
				SWIFT_EMIT_LOC_STRINGS = NO;
				SWIFT_VERSION = 5.0;
				TARGETED_DEVICE_FAMILY = "1,2";
				TEST_HOST = "$(BUILT_PRODUCTS_DIR)/SwiftOne.app/$(BUNDLE_EXECUTABLE_FOLDER_PATH)/SwiftOne";
			};
			name = Release;
		};
		5CF34E1E2B1EEAC7005454C4 /* Debug */ = {
			isa = XCBuildConfiguration;
			buildSettings = {
				ALWAYS_EMBED_SWIFT_STANDARD_LIBRARIES = YES;
				CODE_SIGN_STYLE = Automatic;
				CURRENT_PROJECT_VERSION = 1;
				GENERATE_INFOPLIST_FILE = YES;
				MARKETING_VERSION = 1.0;
				PRODUCT_BUNDLE_IDENTIFIER = dev.newt9.SwiftOneUITests;
				PRODUCT_NAME = "$(TARGET_NAME)";
				SWIFT_EMIT_LOC_STRINGS = NO;
				SWIFT_VERSION = 5.0;
				TARGETED_DEVICE_FAMILY = "1,2";
				TEST_TARGET_NAME = SwiftOne;
			};
			name = Debug;
		};
		5CF34E1F2B1EEAC7005454C4 /* Release */ = {
			isa = XCBuildConfiguration;
			buildSettings = {
				ALWAYS_EMBED_SWIFT_STANDARD_LIBRARIES = YES;
				CODE_SIGN_STYLE = Automatic;
				CURRENT_PROJECT_VERSION = 1;
				GENERATE_INFOPLIST_FILE = YES;
				MARKETING_VERSION = 1.0;
				PRODUCT_BUNDLE_IDENTIFIER = dev.newt9.SwiftOneUITests;
				PRODUCT_NAME = "$(TARGET_NAME)";
				SWIFT_EMIT_LOC_STRINGS = NO;
				SWIFT_VERSION = 5.0;
				TARGETED_DEVICE_FAMILY = "1,2";
				TEST_TARGET_NAME = SwiftOne;
			};
			name = Release;
		};
/* End XCBuildConfiguration section */

/* Begin XCConfigurationList section */
		5CF34DE82B1EEAC6005454C4 /* Build configuration list for PBXProject "SwiftOne" */ = {
			isa = XCConfigurationList;
			buildConfigurations = (
				5CF34E152B1EEAC7005454C4 /* Debug */,
				5CF34E162B1EEAC7005454C4 /* Release */,
			);
			defaultConfigurationIsVisible = 0;
			defaultConfigurationName = Release;
		};
		5CF34E172B1EEAC7005454C4 /* Build configuration list for PBXNativeTarget "SwiftOne" */ = {
			isa = XCConfigurationList;
			buildConfigurations = (
				5CF34E182B1EEAC7005454C4 /* Debug */,
				5CF34E192B1EEAC7005454C4 /* Release */,
			);
			defaultConfigurationIsVisible = 0;
			defaultConfigurationName = Release;
		};
		5CF34E1A2B1EEAC7005454C4 /* Build configuration list for PBXNativeTarget "SwiftOneTests" */ = {
			isa = XCConfigurationList;
			buildConfigurations = (
				5CF34E1B2B1EEAC7005454C4 /* Debug */,
				5CF34E1C2B1EEAC7005454C4 /* Release */,
			);
			defaultConfigurationIsVisible = 0;
			defaultConfigurationName = Release;
		};
		5CF34E1D2B1EEAC7005454C4 /* Build configuration list for PBXNativeTarget "SwiftOneUITests" */ = {
			isa = XCConfigurationList;
			buildConfigurations = (
				5CF34E1E2B1EEAC7005454C4 /* Debug */,
				5CF34E1F2B1EEAC7005454C4 /* Release */,
			);
			defaultConfigurationIsVisible = 0;
			defaultConfigurationName = Release;
		};
/* End XCConfigurationList section */
	};
	rootObject = 5CF34DE52B1EEAC6005454C4 /* Project object */;
}
